
Microsoft Visual Studio Solution File, Format Version 12.00
# Visual Studio Version 17
VisualStudioVersion = 17.1.32421.90
MinimumVisualStudioVersion = 10.0.40219.1
Project("{9A19103F-16F7-4668-BE54-9A1E7A4F7556}") = "Shop_Auto", "Shop_Auto.csproj", "{C9606A2A-F0F2-47D1-8923-E7FE9881D1AD}"
EndProject
Global
	GlobalSection(SolutionConfigurationPlatforms) = preSolution
		Debug|Any CPU = Debug|Any CPU
		Release|Any CPU = Release|Any CPU
	EndGlobalSection
	GlobalSection(ProjectConfigurationPlatforms) = postSolution
		{C9606A2A-F0F2-47D1-8923-E7FE9881D1AD}.Debug|Any CPU.ActiveCfg = Debug|Any CPU
		{C9606A2A-F0F2-47D1-8923-E7FE9881D1AD}.Debug|Any CPU.Build.0 = Debug|Any CPU
		{C9606A2A-F0F2-47D1-8923-E7FE9881D1AD}.Release|Any CPU.ActiveCfg = Release|Any CPU
		{C9606A2A-F0F2-47D1-8923-E7FE9881D1AD}.Release|Any CPU.Build.0 = Release|Any CPU
	EndGlobalSection
	GlobalSection(SolutionProperties) = preSolution
		HideSolutionNode = FALSE
	EndGlobalSection
	GlobalSection(ExtensibilityGlobals) = postSolution
		SolutionGuid = {D0F03515-A6B1-42AF-BDDD-25BD3CA05E18}
	EndGlobalSection
EndGlobal
